
Microsoft Visual Studio Solution File, Format Version 12.00
# Visual Studio Version 16
VisualStudioVersion = 16.0.31911.196
MinimumVisualStudioVersion = 10.0.40219.1
Project("{FAE04EC0-301F-11D3-BF4B-00C04F79EFBC}") = "Final", "Final\Final.csproj", "{775249B9-A2B2-45D2-A7FE-EDAB5E4FAA4C}"
EndProject
Global
	GlobalSection(SolutionConfigurationPlatforms) = preSolution
		Debug|Any CPU = Debug|Any CPU
		Release|Any CPU = Release|Any CPU
	EndGlobalSection
	GlobalSection(ProjectConfigurationPlatforms) = postSolution
		{775249B9-A2B2-45D2-A7FE-EDAB5E4FAA4C}.Debug|Any CPU.ActiveCfg = Debug|Any CPU
		{775249B9-A2B2-45D2-A7FE-EDAB5E4FAA4C}.Debug|Any CPU.Build.0 = Debug|Any CPU
		{775249B9-A2B2-45D2-A7FE-EDAB5E4FAA4C}.Release|Any CPU.ActiveCfg = Release|Any CPU
		{775249B9-A2B2-45D2-A7FE-EDAB5E4FAA4C}.Release|Any CPU.Build.0 = Release|Any CPU
	EndGlobalSection
	GlobalSection(SolutionProperties) = preSolution
		HideSolutionNode = FALSE
	EndGlobalSection
	GlobalSection(ExtensibilityGlobals) = postSolution
		SolutionGuid = {720F7A3A-FA5B-4799-94CD-36A676D53953}
	EndGlobalSection
EndGlobal
